// !$*UTF8*$!
{
	archiveVersion = 1;
	classes = {
	};
	objectVersion = 48;
	objects = {

/* Begin PBXBuildFile section */
		201270600655923D1A14AB7E /* Pods_FlixTests.framework in Frameworks */ = {isa = PBXBuildFile; fileRef = 121AC5EBFF5E106A41F092BE /* Pods_FlixTests.framework */; };
		26ED4911215D664100996622 /* AppDelegate.swift in Sources */ = {isa = PBXBuildFile; fileRef = 26ED4910215D664100996622 /* AppDelegate.swift */; };
		26ED4916215D664100996622 /* Main.storyboard in Resources */ = {isa = PBXBuildFile; fileRef = 26ED4914215D664100996622 /* Main.storyboard */; };
		26ED4918215D664100996622 /* Assets.xcassets in Resources */ = {isa = PBXBuildFile; fileRef = 26ED4917215D664100996622 /* Assets.xcassets */; };
		26ED491B215D664100996622 /* LaunchScreen.storyboard in Resources */ = {isa = PBXBuildFile; fileRef = 26ED4919215D664100996622 /* LaunchScreen.storyboard */; };
		26ED4926215D664100996622 /* FlixTests.swift in Sources */ = {isa = PBXBuildFile; fileRef = 26ED4925215D664100996622 /* FlixTests.swift */; };
		26ED4931215D664100996622 /* FlixUITests.swift in Sources */ = {isa = PBXBuildFile; fileRef = 26ED4930215D664100996622 /* FlixUITests.swift */; };
		26ED4943215EE85E00996622 /* NowPlayingViewController.swift in Sources */ = {isa = PBXBuildFile; fileRef = 26ED4942215EE85E00996622 /* NowPlayingViewController.swift */; };
		26ED4945215F447900996622 /* MovieCell.swift in Sources */ = {isa = PBXBuildFile; fileRef = 26ED4944215F447900996622 /* MovieCell.swift */; };
		7927BC34E76CCBA06C3ED73E /* Pods_FlixUITests.framework in Frameworks */ = {isa = PBXBuildFile; fileRef = E058252754415A9AA85EBB72 /* Pods_FlixUITests.framework */; };
		84A54BC121630BF40050D540 /* DetailViewController.swift in Sources */ = {isa = PBXBuildFile; fileRef = 84A54BC021630BF40050D540 /* DetailViewController.swift */; };
		84A54BC3216314F30050D540 /* PosterCell.swift in Sources */ = {isa = PBXBuildFile; fileRef = 84A54BC2216314F30050D540 /* PosterCell.swift */; };
		84A54BC5216315770050D540 /* SuperheroViewController.swift in Sources */ = {isa = PBXBuildFile; fileRef = 84A54BC4216315770050D540 /* SuperheroViewController.swift */; };
		948DF057FCE86F8D0DE10EC9 /* Pods_Flix.framework in Frameworks */ = {isa = PBXBuildFile; fileRef = 69570B984B3360501964FF66 /* Pods_Flix.framework */; };
/* End PBXBuildFile section */

/* Begin PBXContainerItemProxy section */
		26ED4922215D664100996622 /* PBXContainerItemProxy */ = {
			isa = PBXContainerItemProxy;
			containerPortal = 26ED4905215D664100996622 /* Project object */;
			proxyType = 1;
			remoteGlobalIDString = 26ED490C215D664100996622;
			remoteInfo = Flix;
		};
		26ED492D215D664100996622 /* PBXContainerItemProxy */ = {
			isa = PBXContainerItemProxy;
			containerPortal = 26ED4905215D664100996622 /* Project object */;
			proxyType = 1;
			remoteGlobalIDString = 26ED490C215D664100996622;
			remoteInfo = Flix;
		};
/* End PBXContainerItemProxy section */

/* Begin PBXFileReference section */
		121AC5EBFF5E106A41F092BE /* Pods_FlixTests.framework */ = {isa = PBXFileReference; explicitFileType = wrapper.framework; includeInIndex = 0; path = Pods_FlixTests.framework; sourceTree = BUILT_PRODUCTS_DIR; };
		26ED490D215D664100996622 /* Flix.app */ = {isa = PBXFileReference; explicitFileType = wrapper.application; includeInIndex = 0; path = Flix.app; sourceTree = BUILT_PRODUCTS_DIR; };
		26ED4910215D664100996622 /* AppDelegate.swift */ = {isa = PBXFileReference; lastKnownFileType = sourcecode.swift; path = AppDelegate.swift; sourceTree = "<group>"; };
		26ED4915215D664100996622 /* Base */ = {isa = PBXFileReference; lastKnownFileType = file.storyboard; name = Base; path = Base.lproj/Main.storyboard; sourceTree = "<group>"; };
		26ED4917215D664100996622 /* Assets.xcassets */ = {isa = PBXFileReference; lastKnownFileType = folder.assetcatalog; path = Assets.xcassets; sourceTree = "<group>"; };
		26ED491A215D664100996622 /* Base */ = {isa = PBXFileReference; lastKnownFileType = file.storyboard; name = Base; path = Base.lproj/LaunchScreen.storyboard; sourceTree = "<group>"; };
		26ED491C215D664100996622 /* Info.plist */ = {isa = PBXFileReference; lastKnownFileType = text.plist.xml; path = Info.plist; sourceTree = "<group>"; };
		26ED4921215D664100996622 /* FlixTests.xctest */ = {isa = PBXFileReference; explicitFileType = wrapper.cfbundle; includeInIndex = 0; path = FlixTests.xctest; sourceTree = BUILT_PRODUCTS_DIR; };
		26ED4925215D664100996622 /* FlixTests.swift */ = {isa = PBXFileReference; lastKnownFileType = sourcecode.swift; path = FlixTests.swift; sourceTree = "<group>"; };
		26ED4927215D664100996622 /* Info.plist */ = {isa = PBXFileReference; lastKnownFileType = text.plist.xml; path = Info.plist; sourceTree = "<group>"; };
		26ED492C215D664100996622 /* FlixUITests.xctest */ = {isa = PBXFileReference; explicitFileType = wrapper.cfbundle; includeInIndex = 0; path = FlixUITests.xctest; sourceTree = BUILT_PRODUCTS_DIR; };
		26ED4930215D664100996622 /* FlixUITests.swift */ = {isa = PBXFileReference; lastKnownFileType = sourcecode.swift; path = FlixUITests.swift; sourceTree = "<group>"; };
		26ED4932215D664100996622 /* Info.plist */ = {isa = PBXFileReference; lastKnownFileType = text.plist.xml; path = Info.plist; sourceTree = "<group>"; };
		26ED4942215EE85E00996622 /* NowPlayingViewController.swift */ = {isa = PBXFileReference; lastKnownFileType = sourcecode.swift; path = NowPlayingViewController.swift; sourceTree = "<group>"; };
		26ED4944215F447900996622 /* MovieCell.swift */ = {isa = PBXFileReference; lastKnownFileType = sourcecode.swift; path = MovieCell.swift; sourceTree = "<group>"; };
		60A359901EF4B9BCE53965F3 /* Pods-FlixUITests.release.xcconfig */ = {isa = PBXFileReference; includeInIndex = 1; lastKnownFileType = text.xcconfig; name = "Pods-FlixUITests.release.xcconfig"; path = "Pods/Target Support Files/Pods-FlixUITests/Pods-FlixUITests.release.xcconfig"; sourceTree = "<group>"; };
		684AD13C9507E5F4961A3E27 /* Pods-FlixTests.release.xcconfig */ = {isa = PBXFileReference; includeInIndex = 1; lastKnownFileType = text.xcconfig; name = "Pods-FlixTests.release.xcconfig"; path = "Pods/Target Support Files/Pods-FlixTests/Pods-FlixTests.release.xcconfig"; sourceTree = "<group>"; };
		69570B984B3360501964FF66 /* Pods_Flix.framework */ = {isa = PBXFileReference; explicitFileType = wrapper.framework; includeInIndex = 0; path = Pods_Flix.framework; sourceTree = BUILT_PRODUCTS_DIR; };
		7BCC1585A5C3EC3B7449B191 /* Pods-FlixTests.debug.xcconfig */ = {isa = PBXFileReference; includeInIndex = 1; lastKnownFileType = text.xcconfig; name = "Pods-FlixTests.debug.xcconfig"; path = "Pods/Target Support Files/Pods-FlixTests/Pods-FlixTests.debug.xcconfig"; sourceTree = "<group>"; };
		7DA40C8B39A42B4213B4CD4B /* Pods-FlixUITests.debug.xcconfig */ = {isa = PBXFileReference; includeInIndex = 1; lastKnownFileType = text.xcconfig; name = "Pods-FlixUITests.debug.xcconfig"; path = "Pods/Target Support Files/Pods-FlixUITests/Pods-FlixUITests.debug.xcconfig"; sourceTree = "<group>"; };
		809C5405C454AD6D93761EDA /* Pods-Flix.release.xcconfig */ = {isa = PBXFileReference; includeInIndex = 1; lastKnownFileType = text.xcconfig; name = "Pods-Flix.release.xcconfig"; path = "Pods/Target Support Files/Pods-Flix/Pods-Flix.release.xcconfig"; sourceTree = "<group>"; };
		84A54BC021630BF40050D540 /* DetailViewController.swift */ = {isa = PBXFileReference; lastKnownFileType = sourcecode.swift; path = DetailViewController.swift; sourceTree = "<group>"; };
		84A54BC2216314F30050D540 /* PosterCell.swift */ = {isa = PBXFileReference; lastKnownFileType = sourcecode.swift; path = PosterCell.swift; sourceTree = "<group>"; };
		84A54BC4216315770050D540 /* SuperheroViewController.swift */ = {isa = PBXFileReference; lastKnownFileType = sourcecode.swift; path = SuperheroViewController.swift; sourceTree = "<group>"; };
		E058252754415A9AA85EBB72 /* Pods_FlixUITests.framework */ = {isa = PBXFileReference; explicitFileType = wrapper.framework; includeInIndex = 0; path = Pods_FlixUITests.framework; sourceTree = BUILT_PRODUCTS_DIR; };
		FEBEB00CBD0166E344B6B55D /* Pods-Flix.debug.xcconfig */ = {isa = PBXFileReference; includeInIndex = 1; lastKnownFileType = text.xcconfig; name = "Pods-Flix.debug.xcconfig"; path = "Pods/Target Support Files/Pods-Flix/Pods-Flix.debug.xcconfig"; sourceTree = "<group>"; };
/* End PBXFileReference section */

/* Begin PBXFrameworksBuildPhase section */
		26ED490A215D664100996622 /* Frameworks */ = {
			isa = PBXFrameworksBuildPhase;
			buildActionMask = 2147483647;
			files = (
				948DF057FCE86F8D0DE10EC9 /* Pods_Flix.framework in Frameworks */,
			);
			runOnlyForDeploymentPostprocessing = 0;
		};
		26ED491E215D664100996622 /* Frameworks */ = {
			isa = PBXFrameworksBuildPhase;
			buildActionMask = 2147483647;
			files = (
				201270600655923D1A14AB7E /* Pods_FlixTests.framework in Frameworks */,
			);
			runOnlyForDeploymentPostprocessing = 0;
		};
		26ED4929215D664100996622 /* Frameworks */ = {
			isa = PBXFrameworksBuildPhase;
			buildActionMask = 2147483647;
			files = (
				7927BC34E76CCBA06C3ED73E /* Pods_FlixUITests.framework in Frameworks */,
			);
			runOnlyForDeploymentPostprocessing = 0;
		};
/* End PBXFrameworksBuildPhase section */

/* Begin PBXGroup section */
		11A7B2B27CDD30BDD2B6BE32 /* Frameworks */ = {
			isa = PBXGroup;
			children = (
				69570B984B3360501964FF66 /* Pods_Flix.framework */,
				121AC5EBFF5E106A41F092BE /* Pods_FlixTests.framework */,
				E058252754415A9AA85EBB72 /* Pods_FlixUITests.framework */,
			);
			name = Frameworks;
			sourceTree = "<group>";
		};
		26ED4904215D664100996622 = {
			isa = PBXGroup;
			children = (
				26ED490F215D664100996622 /* Flix */,
				26ED4924215D664100996622 /* FlixTests */,
				26ED492F215D664100996622 /* FlixUITests */,
				26ED490E215D664100996622 /* Products */,
				E9A37F1EBDE9563D8031209F /* Pods */,
				11A7B2B27CDD30BDD2B6BE32 /* Frameworks */,
			);
			sourceTree = "<group>";
		};
		26ED490E215D664100996622 /* Products */ = {
			isa = PBXGroup;
			children = (
				26ED490D215D664100996622 /* Flix.app */,
				26ED4921215D664100996622 /* FlixTests.xctest */,
				26ED492C215D664100996622 /* FlixUITests.xctest */,
			);
			name = Products;
			sourceTree = "<group>";
		};
		26ED490F215D664100996622 /* Flix */ = {
			isa = PBXGroup;
			children = (
				26ED4942215EE85E00996622 /* NowPlayingViewController.swift */,
				26ED4910215D664100996622 /* AppDelegate.swift */,
				26ED4914215D664100996622 /* Main.storyboard */,
				84A54BC4216315770050D540 /* SuperheroViewController.swift */,
				84A54BC2216314F30050D540 /* PosterCell.swift */,
				84A54BC021630BF40050D540 /* DetailViewController.swift */,
				26ED4917215D664100996622 /* Assets.xcassets */,
				26ED4919215D664100996622 /* LaunchScreen.storyboard */,
				26ED491C215D664100996622 /* Info.plist */,
				26ED4944215F447900996622 /* MovieCell.swift */,
			);
			path = Flix;
			sourceTree = "<group>";
		};
		26ED4924215D664100996622 /* FlixTests */ = {
			isa = PBXGroup;
			children = (
				26ED4925215D664100996622 /* FlixTests.swift */,
				26ED4927215D664100996622 /* Info.plist */,
			);
			path = FlixTests;
			sourceTree = "<group>";
		};
		26ED492F215D664100996622 /* FlixUITests */ = {
			isa = PBXGroup;
			children = (
				26ED4930215D664100996622 /* FlixUITests.swift */,
				26ED4932215D664100996622 /* Info.plist */,
			);
			path = FlixUITests;
			sourceTree = "<group>";
		};
		E9A37F1EBDE9563D8031209F /* Pods */ = {
			isa = PBXGroup;
			children = (
				FEBEB00CBD0166E344B6B55D /* Pods-Flix.debug.xcconfig */,
				809C5405C454AD6D93761EDA /* Pods-Flix.release.xcconfig */,
				7BCC1585A5C3EC3B7449B191 /* Pods-FlixTests.debug.xcconfig */,
				684AD13C9507E5F4961A3E27 /* Pods-FlixTests.release.xcconfig */,
				7DA40C8B39A42B4213B4CD4B /* Pods-FlixUITests.debug.xcconfig */,
				60A359901EF4B9BCE53965F3 /* Pods-FlixUITests.release.xcconfig */,
			);
			name = Pods;
			sourceTree = "<group>";
		};
/* End PBXGroup section */

/* Begin PBXNativeTarget section */
		26ED490C215D664100996622 /* Flix */ = {
			isa = PBXNativeTarget;
			buildConfigurationList = 26ED4935215D664100996622 /* Build configuration list for PBXNativeTarget "Flix" */;
			buildPhases = (
				57C4BF6353A6C02F27A75CFF /* [CP] Check Pods Manifest.lock */,
				26ED4909215D664100996622 /* Sources */,
				26ED490A215D664100996622 /* Frameworks */,
				26ED490B215D664100996622 /* Resources */,
				273B998369418170AC050605 /* [CP] Embed Pods Frameworks */,
			);
			buildRules = (
			);
			dependencies = (
			);
			name = Flix;
			productName = Flix;
			productReference = 26ED490D215D664100996622 /* Flix.app */;
			productType = "com.apple.product-type.application";
		};
		26ED4920215D664100996622 /* FlixTests */ = {
			isa = PBXNativeTarget;
			buildConfigurationList = 26ED4938215D664100996622 /* Build configuration list for PBXNativeTarget "FlixTests" */;
			buildPhases = (
				1FCF92735FD0B3CEB0829BDC /* [CP] Check Pods Manifest.lock */,
				26ED491D215D664100996622 /* Sources */,
				26ED491E215D664100996622 /* Frameworks */,
				26ED491F215D664100996622 /* Resources */,
			);
			buildRules = (
			);
			dependencies = (
				26ED4923215D664100996622 /* PBXTargetDependency */,
			);
			name = FlixTests;
			productName = FlixTests;
			productReference = 26ED4921215D664100996622 /* FlixTests.xctest */;
			productType = "com.apple.product-type.bundle.unit-test";
		};
		26ED492B215D664100996622 /* FlixUITests */ = {
			isa = PBXNativeTarget;
			buildConfigurationList = 26ED493B215D664100996622 /* Build configuration list for PBXNativeTarget "FlixUITests" */;
			buildPhases = (
				8B0D50DD046CB563B8E48550 /* [CP] Check Pods Manifest.lock */,
				26ED4928215D664100996622 /* Sources */,
				26ED4929215D664100996622 /* Frameworks */,
				26ED492A215D664100996622 /* Resources */,
			);
			buildRules = (
			);
			dependencies = (
				26ED492E215D664100996622 /* PBXTargetDependency */,
			);
			name = FlixUITests;
			productName = FlixUITests;
			productReference = 26ED492C215D664100996622 /* FlixUITests.xctest */;
			productType = "com.apple.product-type.bundle.ui-testing";
		};
/* End PBXNativeTarget section */

/* Begin PBXProject section */
		26ED4905215D664100996622 /* Project object */ = {
			isa = PBXProject;
			attributes = {
				LastSwiftUpdateCheck = 0920;
				LastUpgradeCheck = 0920;
				ORGANIZATIONNAME = "Sandyna Sandaire Jerome";
				TargetAttributes = {
					26ED490C215D664100996622 = {
						CreatedOnToolsVersion = 9.2;
						ProvisioningStyle = Automatic;
					};
					26ED4920215D664100996622 = {
						CreatedOnToolsVersion = 9.2;
						ProvisioningStyle = Automatic;
						TestTargetID = 26ED490C215D664100996622;
					};
					26ED492B215D664100996622 = {
						CreatedOnToolsVersion = 9.2;
						ProvisioningStyle = Automatic;
						TestTargetID = 26ED490C215D664100996622;
					};
				};
			};
			buildConfigurationList = 26ED4908215D664100996622 /* Build configuration list for PBXProject "Flix" */;
			compatibilityVersion = "Xcode 8.0";
			developmentRegion = en;
			hasScannedForEncodings = 0;
			knownRegions = (
				en,
				Base,
			);
			mainGroup = 26ED4904215D664100996622;
			productRefGroup = 26ED490E215D664100996622 /* Products */;
			projectDirPath = "";
			projectRoot = "";
			targets = (
				26ED490C215D664100996622 /* Flix */,
				26ED4920215D664100996622 /* FlixTests */,
				26ED492B215D664100996622 /* FlixUITests */,
			);
		};
/* End PBXProject section */

/* Begin PBXResourcesBuildPhase section */
		26ED490B215D664100996622 /* Resources */ = {
			isa = PBXResourcesBuildPhase;
			buildActionMask = 2147483647;
			files = (
				26ED491B215D664100996622 /* LaunchScreen.storyboard in Resources */,
				26ED4918215D664100996622 /* Assets.xcassets in Resources */,
				26ED4916215D664100996622 /* Main.storyboard in Resources */,
			);
			runOnlyForDeploymentPostprocessing = 0;
		};
		26ED491F215D664100996622 /* Resources */ = {
			isa = PBXResourcesBuildPhase;
			buildActionMask = 2147483647;
			files = (
			);
			runOnlyForDeploymentPostprocessing = 0;
		};
		26ED492A215D664100996622 /* Resources */ = {
			isa = PBXResourcesBuildPhase;
			buildActionMask = 2147483647;
			files = (
			);
			runOnlyForDeploymentPostprocessing = 0;
		};
/* End PBXResourcesBuildPhase section */

/* Begin PBXShellScriptBuildPhase section */
		1FCF92735FD0B3CEB0829BDC /* [CP] Check Pods Manifest.lock */ = {
			isa = PBXShellScriptBuildPhase;
			buildActionMask = 2147483647;
			files = (
			);
			inputPaths = (
				"${PODS_PODFILE_DIR_PATH}/Podfile.lock",
				"${PODS_ROOT}/Manifest.lock",
			);
			name = "[CP] Check Pods Manifest.lock";
			outputPaths = (
				"$(DERIVED_FILE_DIR)/Pods-FlixTests-checkManifestLockResult.txt",
			);
			runOnlyForDeploymentPostprocessing = 0;
			shellPath = /bin/sh;
			shellScript = "diff \"${PODS_PODFILE_DIR_PATH}/Podfile.lock\" \"${PODS_ROOT}/Manifest.lock\" > /dev/null\nif [ $? != 0 ] ; then\n    # print error to STDERR\n    echo \"error: The sandbox is not in sync with the Podfile.lock. Run 'pod install' or update your CocoaPods installation.\" >&2\n    exit 1\nfi\n# This output is used by Xcode 'outputs' to avoid re-running this script phase.\necho \"SUCCESS\" > \"${SCRIPT_OUTPUT_FILE_0}\"\n";
			showEnvVarsInLog = 0;
		};
		273B998369418170AC050605 /* [CP] Embed Pods Frameworks */ = {
			isa = PBXShellScriptBuildPhase;
			buildActionMask = 2147483647;
			files = (
			);
			inputPaths = (
				"${SRCROOT}/Pods/Target Support Files/Pods-Flix/Pods-Flix-frameworks.sh",
				"${BUILT_PRODUCTS_DIR}/Alamofire/Alamofire.framework",
				"${BUILT_PRODUCTS_DIR}/AlamofireImage/AlamofireImage.framework",
			);
			name = "[CP] Embed Pods Frameworks";
			outputPaths = (
				"${TARGET_BUILD_DIR}/${FRAMEWORKS_FOLDER_PATH}/Alamofire.framework",
				"${TARGET_BUILD_DIR}/${FRAMEWORKS_FOLDER_PATH}/AlamofireImage.framework",
			);
			runOnlyForDeploymentPostprocessing = 0;
			shellPath = /bin/sh;
			shellScript = "\"${SRCROOT}/Pods/Target Support Files/Pods-Flix/Pods-Flix-frameworks.sh\"\n";
			showEnvVarsInLog = 0;
		};
		57C4BF6353A6C02F27A75CFF /* [CP] Check Pods Manifest.lock */ = {
			isa = PBXShellScriptBuildPhase;
			buildActionMask = 2147483647;
			files = (
			);
			inputPaths = (
				"${PODS_PODFILE_DIR_PATH}/Podfile.lock",
				"${PODS_ROOT}/Manifest.lock",
			);
			name = "[CP] Check Pods Manifest.lock";
			outputPaths = (
				"$(DERIVED_FILE_DIR)/Pods-Flix-checkManifestLockResult.txt",
			);
			runOnlyForDeploymentPostprocessing = 0;
			shellPath = /bin/sh;
			shellScript = "diff \"${PODS_PODFILE_DIR_PATH}/Podfile.lock\" \"${PODS_ROOT}/Manifest.lock\" > /dev/null\nif [ $? != 0 ] ; then\n    # print error to STDERR\n    echo \"error: The sandbox is not in sync with the Podfile.lock. Run 'pod install' or update your CocoaPods installation.\" >&2\n    exit 1\nfi\n# This output is used by Xcode 'outputs' to avoid re-running this script phase.\necho \"SUCCESS\" > \"${SCRIPT_OUTPUT_FILE_0}\"\n";
			showEnvVarsInLog = 0;
		};
		8B0D50DD046CB563B8E48550 /* [CP] Check Pods Manifest.lock */ = {
			isa = PBXShellScriptBuildPhase;
			buildActionMask = 2147483647;
			files = (
			);
			inputPaths = (
				"${PODS_PODFILE_DIR_PATH}/Podfile.lock",
				"${PODS_ROOT}/Manifest.lock",
			);
			name = "[CP] Check Pods Manifest.lock";
			outputPaths = (
				"$(DERIVED_FILE_DIR)/Pods-FlixUITests-checkManifestLockResult.txt",
			);
			runOnlyForDeploymentPostprocessing = 0;
			shellPath = /bin/sh;
			shellScript = "diff \"${PODS_PODFILE_DIR_PATH}/Podfile.lock\" \"${PODS_ROOT}/Manifest.lock\" > /dev/null\nif [ $? != 0 ] ; then\n    # print error to STDERR\n    echo \"error: The sandbox is not in sync with the Podfile.lock. Run 'pod install' or update your CocoaPods installation.\" >&2\n    exit 1\nfi\n# This output is used by Xcode 'outputs' to avoid re-running this script phase.\necho \"SUCCESS\" > \"${SCRIPT_OUTPUT_FILE_0}\"\n";
			showEnvVarsInLog = 0;
		};
/* End PBXShellScriptBuildPhase section */

/* Begin PBXSourcesBuildPhase section */
		26ED4909215D664100996622 /* Sources */ = {
			isa = PBXSourcesBuildPhase;
			buildActionMask = 2147483647;
			files = (
				26ED4943215EE85E00996622 /* NowPlayingViewController.swift in Sources */,
				84A54BC3216314F30050D540 /* PosterCell.swift in Sources */,
				84A54BC5216315770050D540 /* SuperheroViewController.swift in Sources */,
				26ED4911215D664100996622 /* AppDelegate.swift in Sources */,
				26ED4945215F447900996622 /* MovieCell.swift in Sources */,
				84A54BC121630BF40050D540 /* DetailViewController.swift in Sources */,
			);
			runOnlyForDeploymentPostprocessing = 0;
		};
		26ED491D215D664100996622 /* Sources */ = {
			isa = PBXSourcesBuildPhase;
			buildActionMask = 2147483647;
			files = (
				26ED4926215D664100996622 /* FlixTests.swift in Sources */,
			);
			runOnlyForDeploymentPostprocessing = 0;
		};
		26ED4928215D664100996622 /* Sources */ = {
			isa = PBXSourcesBuildPhase;
			buildActionMask = 2147483647;
			files = (
				26ED4931215D664100996622 /* FlixUITests.swift in Sources */,
			);
			runOnlyForDeploymentPostprocessing = 0;
		};
/* End PBXSourcesBuildPhase section */

/* Begin PBXTargetDependency section */
		26ED4923215D664100996622 /* PBXTargetDependency */ = {
			isa = PBXTargetDependency;
			target = 26ED490C215D664100996622 /* Flix */;
			targetProxy = 26ED4922215D664100996622 /* PBXContainerItemProxy */;
		};
		26ED492E215D664100996622 /* PBXTargetDependency */ = {
			isa = PBXTargetDependency;
			target = 26ED490C215D664100996622 /* Flix */;
			targetProxy = 26ED492D215D664100996622 /* PBXContainerItemProxy */;
		};
/* End PBXTargetDependency section */

/* Begin PBXVariantGroup section */
		26ED4914215D664100996622 /* Main.storyboard */ = {
			isa = PBXVariantGroup;
			children = (
				26ED4915215D664100996622 /* Base */,
			);
			name = Main.storyboard;
			sourceTree = "<group>";
		};
		26ED4919215D664100996622 /* LaunchScreen.storyboard */ = {
			isa = PBXVariantGroup;
			children = (
				26ED491A215D664100996622 /* Base */,
			);
			name = LaunchScreen.storyboard;
			sourceTree = "<group>";
		};
/* End PBXVariantGroup section */

/* Begin XCBuildConfiguration section */
		26ED4933215D664100996622 /* Debug */ = {
			isa = XCBuildConfiguration;
			buildSettings = {
				ALWAYS_SEARCH_USER_PATHS = NO;
				CLANG_ANALYZER_NONNULL = YES;
				CLANG_ANALYZER_NUMBER_OBJECT_CONVERSION = YES_AGGRESSIVE;
				CLANG_CXX_LANGUAGE_STANDARD = "gnu++14";
				CLANG_CXX_LIBRARY = "libc++";
				CLANG_ENABLE_MODULES = YES;
				CLANG_ENABLE_OBJC_ARC = YES;
				CLANG_WARN_BLOCK_CAPTURE_AUTORELEASING = YES;
				CLANG_WARN_BOOL_CONVERSION = YES;
				CLANG_WARN_COMMA = YES;
				CLANG_WARN_CONSTANT_CONVERSION = YES;
				CLANG_WARN_DIRECT_OBJC_ISA_USAGE = YES_ERROR;
				CLANG_WARN_DOCUMENTATION_COMMENTS = YES;
				CLANG_WARN_EMPTY_BODY = YES;
				CLANG_WARN_ENUM_CONVERSION = YES;
				CLANG_WARN_INFINITE_RECURSION = YES;
				CLANG_WARN_INT_CONVERSION = YES;
				CLANG_WARN_NON_LITERAL_NULL_CONVERSION = YES;
				CLANG_WARN_OBJC_LITERAL_CONVERSION = YES;
				CLANG_WARN_OBJC_ROOT_CLASS = YES_ERROR;
				CLANG_WARN_RANGE_LOOP_ANALYSIS = YES;
				CLANG_WARN_STRICT_PROTOTYPES = YES;
				CLANG_WARN_SUSPICIOUS_MOVE = YES;
				CLANG_WARN_UNGUARDED_AVAILABILITY = YES_AGGRESSIVE;
				CLANG_WARN_UNREACHABLE_CODE = YES;
				CLANG_WARN__DUPLICATE_METHOD_MATCH = YES;
				CODE_SIGN_IDENTITY = "iPhone Developer";
				COPY_PHASE_STRIP = NO;
				DEBUG_INFORMATION_FORMAT = dwarf;
				ENABLE_STRICT_OBJC_MSGSEND = YES;
				ENABLE_TESTABILITY = YES;
				GCC_C_LANGUAGE_STANDARD = gnu11;
				GCC_DYNAMIC_NO_PIC = NO;
				GCC_NO_COMMON_BLOCKS = YES;
				GCC_OPTIMIZATION_LEVEL = 0;
				GCC_PREPROCESSOR_DEFINITIONS = (
					"DEBUG=1",
					"$(inherited)",
				);
				GCC_WARN_64_TO_32_BIT_CONVERSION = YES;
				GCC_WARN_ABOUT_RETURN_TYPE = YES_ERROR;
				GCC_WARN_UNDECLARED_SELECTOR = YES;
				GCC_WARN_UNINITIALIZED_AUTOS = YES_AGGRESSIVE;
				GCC_WARN_UNUSED_FUNCTION = YES;
				GCC_WARN_UNUSED_VARIABLE = YES;
				IPHONEOS_DEPLOYMENT_TARGET = 11.2;
				MTL_ENABLE_DEBUG_INFO = YES;
				ONLY_ACTIVE_ARCH = YES;
				SDKROOT = iphoneos;
				SWIFT_ACTIVE_COMPILATION_CONDITIONS = DEBUG;
				SWIFT_OPTIMIZATION_LEVEL = "-Onone";
			};
			name = Debug;
		};
		26ED4934215D664100996622 /* Release */ = {
			isa = XCBuildConfiguration;
			buildSettings = {
				ALWAYS_SEARCH_USER_PATHS = NO;
				CLANG_ANALYZER_NONNULL = YES;
				CLANG_ANALYZER_NUMBER_OBJECT_CONVERSION = YES_AGGRESSIVE;
				CLANG_CXX_LANGUAGE_STANDARD = "gnu++14";
				CLANG_CXX_LIBRARY = "libc++";
				CLANG_ENABLE_MODULES = YES;
				CLANG_ENABLE_OBJC_ARC = YES;
				CLANG_WARN_BLOCK_CAPTURE_AUTORELEASING = YES;
				CLANG_WARN_BOOL_CONVERSION = YES;
				CLANG_WARN_COMMA = YES;
				CLANG_WARN_CONSTANT_CONVERSION = YES;
				CLANG_WARN_DIRECT_OBJC_ISA_USAGE = YES_ERROR;
				CLANG_WARN_DOCUMENTATION_COMMENTS = YES;
				CLANG_WARN_EMPTY_BODY = YES;
				CLANG_WARN_ENUM_CONVERSION = YES;
				CLANG_WARN_INFINITE_RECURSION = YES;
				CLANG_WARN_INT_CONVERSION = YES;
				CLANG_WARN_NON_LITERAL_NULL_CONVERSION = YES;
				CLANG_WARN_OBJC_LITERAL_CONVERSION = YES;
				CLANG_WARN_OBJC_ROOT_CLASS = YES_ERROR;
				CLANG_WARN_RANGE_LOOP_ANALYSIS = YES;
				CLANG_WARN_STRICT_PROTOTYPES = YES;
				CLANG_WARN_SUSPICIOUS_MOVE = YES;
				CLANG_WARN_UNGUARDED_AVAILABILITY = YES_AGGRESSIVE;
				CLANG_WARN_UNREACHABLE_CODE = YES;
				CLANG_WARN__DUPLICATE_METHOD_MATCH = YES;
				CODE_SIGN_IDENTITY = "iPhone Developer";
				COPY_PHASE_STRIP = NO;
				DEBUG_INFORMATION_FORMAT = "dwarf-with-dsym";
				ENABLE_NS_ASSERTIONS = NO;
				ENABLE_STRICT_OBJC_MSGSEND = YES;
				GCC_C_LANGUAGE_STANDARD = gnu11;
				GCC_NO_COMMON_BLOCKS = YES;
				GCC_WARN_64_TO_32_BIT_CONVERSION = YES;
				GCC_WARN_ABOUT_RETURN_TYPE = YES_ERROR;
				GCC_WARN_UNDECLARED_SELECTOR = YES;
				GCC_WARN_UNINITIALIZED_AUTOS = YES_AGGRESSIVE;
				GCC_WARN_UNUSED_FUNCTION = YES;
				GCC_WARN_UNUSED_VARIABLE = YES;
				IPHONEOS_DEPLOYMENT_TARGET = 11.2;
				MTL_ENABLE_DEBUG_INFO = NO;
				SDKROOT = iphoneos;
				SWIFT_OPTIMIZATION_LEVEL = "-Owholemodule";
				VALIDATE_PRODUCT = YES;
			};
			name = Release;
		};
		26ED4936215D664100996622 /* Debug */ = {
			isa = XCBuildConfiguration;
			baseConfigurationReference = FEBEB00CBD0166E344B6B55D /* Pods-Flix.debug.xcconfig */;
			buildSettings = {
				ASSETCATALOG_COMPILER_APPICON_NAME = AppIcon;
				CODE_SIGN_STYLE = Automatic;
				INFOPLIST_FILE = Flix/Info.plist;
				LD_RUNPATH_SEARCH_PATHS = "$(inherited) @executable_path/Frameworks";
				PRODUCT_BUNDLE_IDENTIFIER = sandyna.Flix;
				PRODUCT_NAME = "$(TARGET_NAME)";
				SWIFT_VERSION = 4.0;
				TARGETED_DEVICE_FAMILY = "1,2";
			};
			name = Debug;
		};
		26ED4937215D664100996622 /* Release */ = {
			isa = XCBuildConfiguration;
			baseConfigurationReference = 809C5405C454AD6D93761EDA /* Pods-Flix.release.xcconfig */;
			buildSettings = {
				ASSETCATALOG_COMPILER_APPICON_NAME = AppIcon;
				CODE_SIGN_STYLE = Automatic;
				INFOPLIST_FILE = Flix/Info.plist;
				LD_RUNPATH_SEARCH_PATHS = "$(inherited) @executable_path/Frameworks";
				PRODUCT_BUNDLE_IDENTIFIER = sandyna.Flix;
				PRODUCT_NAME = "$(TARGET_NAME)";
				SWIFT_VERSION = 4.0;
				TARGETED_DEVICE_FAMILY = "1,2";
			};
			name = Release;
		};
		26ED4939215D664100996622 /* Debug */ = {
			isa = XCBuildConfiguration;
			baseConfigurationReference = 7BCC1585A5C3EC3B7449B191 /* Pods-FlixTests.debug.xcconfig */;
			buildSettings = {
				ALWAYS_EMBED_SWIFT_STANDARD_LIBRARIES = YES;
				BUNDLE_LOADER = "$(TEST_HOST)";
				CODE_SIGN_STYLE = Automatic;
				INFOPLIST_FILE = FlixTests/Info.plist;
				LD_RUNPATH_SEARCH_PATHS = "$(inherited) @executable_path/Frameworks @loader_path/Frameworks";
				PRODUCT_BUNDLE_IDENTIFIER = sandyna.FlixTests;
				PRODUCT_NAME = "$(TARGET_NAME)";
				SWIFT_VERSION = 4.0;
				TARGETED_DEVICE_FAMILY = "1,2";
				TEST_HOST = "$(BUILT_PRODUCTS_DIR)/Flix.app/Flix";
			};
			name = Debug;
		};
		26ED493A215D664100996622 /* Release */ = {
			isa = XCBuildConfiguration;
			baseConfigurationReference = 684AD13C9507E5F4961A3E27 /* Pods-FlixTests.release.xcconfig */;
			buildSettings = {
				ALWAYS_EMBED_SWIFT_STANDARD_LIBRARIES = YES;
				BUNDLE_LOADER = "$(TEST_HOST)";
				CODE_SIGN_STYLE = Automatic;
				INFOPLIST_FILE = FlixTests/Info.plist;
				LD_RUNPATH_SEARCH_PATHS = "$(inherited) @executable_path/Frameworks @loader_path/Frameworks";
				PRODUCT_BUNDLE_IDENTIFIER = sandyna.FlixTests;
				PRODUCT_NAME = "$(TARGET_NAME)";
				SWIFT_VERSION = 4.0;
				TARGETED_DEVICE_FAMILY = "1,2";
				TEST_HOST = "$(BUILT_PRODUCTS_DIR)/Flix.app/Flix";
			};
			name = Release;
		};
		26ED493C215D664100996622 /* Debug */ = {
			isa = XCBuildConfiguration;
			baseConfigurationReference = 7DA40C8B39A42B4213B4CD4B /* Pods-FlixUITests.debug.xcconfig */;
			buildSettings = {
				ALWAYS_EMBED_SWIFT_STANDARD_LIBRARIES = YES;
				CODE_SIGN_STYLE = Automatic;
				INFOPLIST_FILE = FlixUITests/Info.plist;
				LD_RUNPATH_SEARCH_PATHS = "$(inherited) @executable_path/Frameworks @loader_path/Frameworks";
				PRODUCT_BUNDLE_IDENTIFIER = sandyna.FlixUITests;
				PRODUCT_NAME = "$(TARGET_NAME)";
				SWIFT_VERSION = 4.0;
				TARGETED_DEVICE_FAMILY = "1,2";
				TEST_TARGET_NAME = Flix;
			};
			name = Debug;
		};
		26ED493D215D664100996622 /* Release */ = {
			isa = XCBuildConfiguration;
			baseConfigurationReference = 60A359901EF4B9BCE53965F3 /* Pods-FlixUITests.release.xcconfig */;
			buildSettings = {
				ALWAYS_EMBED_SWIFT_STANDARD_LIBRARIES = YES;
				CODE_SIGN_STYLE = Automatic;
				INFOPLIST_FILE = FlixUITests/Info.plist;
				LD_RUNPATH_SEARCH_PATHS = "$(inherited) @executable_path/Frameworks @loader_path/Frameworks";
				PRODUCT_BUNDLE_IDENTIFIER = sandyna.FlixUITests;
				PRODUCT_NAME = "$(TARGET_NAME)";
				SWIFT_VERSION = 4.0;
				TARGETED_DEVICE_FAMILY = "1,2";
				TEST_TARGET_NAME = Flix;
			};
			name = Release;
		};
/* End XCBuildConfiguration section */

/* Begin XCConfigurationList section */
		26ED4908215D664100996622 /* Build configuration list for PBXProject "Flix" */ = {
			isa = XCConfigurationList;
			buildConfigurations = (
				26ED4933215D664100996622 /* Debug */,
				26ED4934215D664100996622 /* Release */,
			);
			defaultConfigurationIsVisible = 0;
			defaultConfigurationName = Release;
		};
		26ED4935215D664100996622 /* Build configuration list for PBXNativeTarget "Flix" */ = {
			isa = XCConfigurationList;
			buildConfigurations = (
				26ED4936215D664100996622 /* Debug */,
				26ED4937215D664100996622 /* Release */,
			);
			defaultConfigurationIsVisible = 0;
			defaultConfigurationName = Release;
		};
		26ED4938215D664100996622 /* Build configuration list for PBXNativeTarget "FlixTests" */ = {
			isa = XCConfigurationList;
			buildConfigurations = (
				26ED4939215D664100996622 /* Debug */,
				26ED493A215D664100996622 /* Release */,
			);
			defaultConfigurationIsVisible = 0;
			defaultConfigurationName = Release;
		};
		26ED493B215D664100996622 /* Build configuration list for PBXNativeTarget "FlixUITests" */ = {
			isa = XCConfigurationList;
			buildConfigurations = (
				26ED493C215D664100996622 /* Debug */,
				26ED493D215D664100996622 /* Release */,
			);
			defaultConfigurationIsVisible = 0;
			defaultConfigurationName = Release;
		};
/* End XCConfigurationList section */
	};
	rootObject = 26ED4905215D664100996622 /* Project object */;
}
